
Microsoft Visual Studio Solution File, Format Version 12.00
# Visual Studio 15
VisualStudioVersion = 15.0.28010.2016
MinimumVisualStudioVersion = 10.0.40219.1
Project("{FAE04EC0-301F-11D3-BF4B-00C04F79EFBC}") = "Social_Login", "Social_Login\Social_Login.csproj", "{587D9933-F57B-4D1E-A338-A41983C7EBF1}"
EndProject
Global
	GlobalSection(SolutionConfigurationPlatforms) = preSolution
		Debug|Any CPU = Debug|Any CPU
		Release|Any CPU = Release|Any CPU
	EndGlobalSection
	GlobalSection(ProjectConfigurationPlatforms) = postSolution
		{587D9933-F57B-4D1E-A338-A41983C7EBF1}.Debug|Any CPU.ActiveCfg = Debug|Any CPU
		{587D9933-F57B-4D1E-A338-A41983C7EBF1}.Debug|Any CPU.Build.0 = Debug|Any CPU
		{587D9933-F57B-4D1E-A338-A41983C7EBF1}.Release|Any CPU.ActiveCfg = Release|Any CPU
		{587D9933-F57B-4D1E-A338-A41983C7EBF1}.Release|Any CPU.Build.0 = Release|Any CPU
	EndGlobalSection
	GlobalSection(SolutionProperties) = preSolution
		HideSolutionNode = FALSE
	EndGlobalSection
	GlobalSection(ExtensibilityGlobals) = postSolution
		SolutionGuid = {A35DD346-3AC9-4712-A98E-CDA54B3779CB}
	EndGlobalSection
EndGlobal
